{
  "name": "hroom",
  "lockfileVersion": 3,
  "requires": true,
  "packages": {
    "": {
      "dependencies": {
        "@abacritt/angularx-social-login": "^2.2.0",
        "@types/gapi.auth2": "^0.0.60",
        "jqwidgets-ng": "^19.0.5",
        "rxjs": "^7.8.1",
        "typescript": "^5.4.5",
        "zone.js": "^0.14.6"
      }
    },
    "node_modules/@abacritt/angularx-social-login": {
      "version": "2.2.0",
      "resolved": "https://registry.npmjs.org/@abacritt/angularx-social-login/-/angularx-social-login-2.2.0.tgz",
      "integrity": "sha512-hzzLiBVB/uIQTEZ4jJ6LvK15jJBd+Gp8LAMg5WR1nywAMaqDZXAJukg4kvfE8z9jBdCKuQ942nPAW60CvVKZqg==",
      "dependencies": {
        "tslib": ">=2.6.2"
      },
      "peerDependencies": {
        "@angular/common": ">=17.0.0",
        "@angular/core": ">=17.0.0"
      }
    },
    "node_modules/@angular/common": {
      "version": "17.3.8",
      "resolved": "https://registry.npmjs.org/@angular/common/-/common-17.3.8.tgz",
      "integrity": "sha512-HEhTibrsWmoKilyhvAFmqg4SH1hWBP3eV9Y689lmsxBQCTRAmRI2pMAoRKQ+dBcoYLE/FZhcmdHJUSl5jR7Isg==",
      "peer": true,
      "dependencies": {
        "tslib": "^2.3.0"
      },
      "engines": {
        "node": "^18.13.0 || >=20.9.0"
      },
      "peerDependencies": {
        "@angular/core": "17.3.8",
        "rxjs": "^6.5.3 || ^7.4.0"
      }
    },
    "node_modules/@angular/core": {
      "version": "17.3.8",
      "resolved": "https://registry.npmjs.org/@angular/core/-/core-17.3.8.tgz",
      "integrity": "sha512-+tUQ+B1yVvNbczzaWBCgJWWIgZ2z+GVJWu+UNOHHWzdqD8qpXjuIkDfnhyLNeGvvXgsqey4u6ApFf2SoFYLjuA==",
      "peer": true,
      "dependencies": {
        "tslib": "^2.3.0"
      },
      "engines": {
        "node": "^18.13.0 || >=20.9.0"
      },
      "peerDependencies": {
        "rxjs": "^6.5.3 || ^7.4.0",
        "zone.js": "~0.14.0"
      }
    },
    "node_modules/@types/gapi": {
      "version": "0.0.47",
      "resolved": "https://registry.npmjs.org/@types/gapi/-/gapi-0.0.47.tgz",
      "integrity": "sha512-/ZsLuq6BffMgbKMtZyDZ8vwQvTyKhKQ1G2K6VyWCgtHHhfSSXbk4+4JwImZiTjWNXfI2q1ZStAwFFHSkNoTkHA=="
    },
    "node_modules/@types/gapi.auth2": {
      "version": "0.0.60",
      "resolved": "https://registry.npmjs.org/@types/gapi.auth2/-/gapi.auth2-0.0.60.tgz",
      "integrity": "sha512-KQiyTHRyAcat6marTRAixrkHhkS7mqclcbQvInfxyp7IeUDSUzLBlgH1s0SFaLl1m1jRY6b+qh4NMlmVm0wPEw==",
      "dependencies": {
        "@types/gapi": "*"
      }
    },
    "node_modules/jqwidgets-ng": {
      "version": "19.0.5",
      "resolved": "https://registry.npmjs.org/jqwidgets-ng/-/jqwidgets-ng-19.0.5.tgz",
      "integrity": "sha512-RNSiA4K6AngMGzH3M5WEXMWu/E2NshfEs8yqYdo+hGdBnuRr6n9GZOFRbmVr/zdAQz8yYzssP4jNnyQrMxRR2w=="
    },
    "node_modules/rxjs": {
      "version": "7.8.1",
      "resolved": "https://registry.npmjs.org/rxjs/-/rxjs-7.8.1.tgz",
      "integrity": "sha512-AA3TVj+0A2iuIoQkWEK/tqFjBq2j+6PO6Y0zJcvzLAFhEFIO3HL0vls9hWLncZbAAbK0mar7oZ4V079I/qPMxg==",
      "dependencies": {
        "tslib": "^2.1.0"
      }
    },
    "node_modules/tslib": {
      "version": "2.6.2",
      "resolved": "https://registry.npmjs.org/tslib/-/tslib-2.6.2.tgz",
      "integrity": "sha512-AEYxH93jGFPn/a2iVAwW87VuUIkR1FVUKB77NwMF7nBTDkDrrT/Hpt/IrCJ0QXhW27jTBDcf5ZY7w6RiqTMw2Q=="
    },
    "node_modules/typescript": {
      "version": "5.4.5",
      "resolved": "https://registry.npmjs.org/typescript/-/typescript-5.4.5.tgz",
      "integrity": "sha512-vcI4UpRgg81oIRUFwR0WSIHKt11nJ7SAVlYNIu+QpqeyXP+gpQJy/Z4+F0aGxSE4MqwjyXvW/TzgkLAx2AGHwQ==",
      "bin": {
        "tsc": "bin/tsc",
        "tsserver": "bin/tsserver"
      },
      "engines": {
        "node": ">=14.17"
      }
    },
    "node_modules/zone.js": {
      "version": "0.14.6",
      "resolved": "https://registry.npmjs.org/zone.js/-/zone.js-0.14.6.tgz",
      "integrity": "sha512-vyRNFqofdaHVdWAy7v3Bzmn84a1JHWSjpuTZROT/uYn8I3p2cmo7Ro9twFmYRQDPhiYOV7QLk0hhY4JJQVqS6Q=="
    }
  }
}
