{
  "name": "hroom",
  "lockfileVersion": 3,
  "requires": true,
  "packages": {
    "": {
      "dependencies": {
        "jqwidgets-ng": "^19.0.5"
      }
    },
    "node_modules/jqwidgets-ng": {
      "version": "19.0.5",
      "resolved": "https://registry.npmjs.org/jqwidgets-ng/-/jqwidgets-ng-19.0.5.tgz",
      "integrity": "sha512-RNSiA4K6AngMGzH3M5WEXMWu/E2NshfEs8yqYdo+hGdBnuRr6n9GZOFRbmVr/zdAQz8yYzssP4jNnyQrMxRR2w=="
    }
  }
}
