{
  "name": "hroom-web",
  "lockfileVersion": 3,
  "requires": true,
  "packages": {
    "": {
      "dependencies": {
        "@types/gapi.auth2": "^0.0.60"
      }
    },
    "node_modules/@types/gapi": {
      "version": "0.0.47",
      "resolved": "https://registry.npmjs.org/@types/gapi/-/gapi-0.0.47.tgz",
      "integrity": "sha512-/ZsLuq6BffMgbKMtZyDZ8vwQvTyKhKQ1G2K6VyWCgtHHhfSSXbk4+4JwImZiTjWNXfI2q1ZStAwFFHSkNoTkHA=="
    },
    "node_modules/@types/gapi.auth2": {
      "version": "0.0.60",
      "resolved": "https://registry.npmjs.org/@types/gapi.auth2/-/gapi.auth2-0.0.60.tgz",
      "integrity": "sha512-KQiyTHRyAcat6marTRAixrkHhkS7mqclcbQvInfxyp7IeUDSUzLBlgH1s0SFaLl1m1jRY6b+qh4NMlmVm0wPEw==",
      "dependencies": {
        "@types/gapi": "*"
      }
    }
  }
}
